
Microsoft Visual Studio Solution File, Format Version 12.00
# Visual Studio Version 17
VisualStudioVersion = 17.5.002.0
MinimumVisualStudioVersion = 10.0.40219.1
Project("{9A19103F-16F7-4668-BE54-9A1E7A4F7556}") = "vars", "vars\vars.csproj", "{6C879C59-02EF-43AC-9596-C10FFD5DCDA5}"
EndProject
Project("{9A19103F-16F7-4668-BE54-9A1E7A4F7556}") = "helloworld", "helloworld\helloworld.csproj", "{E93C3700-656E-4FD3-ACA3-7899166709D2}"
EndProject
Project("{9A19103F-16F7-4668-BE54-9A1E7A4F7556}") = "const", "const\const.csproj", "{717222A9-046A-4465-A4AE-4002EF242855}"
EndProject
Global
	GlobalSection(SolutionConfigurationPlatforms) = preSolution
		Debug|Any CPU = Debug|Any CPU
		Release|Any CPU = Release|Any CPU
	EndGlobalSection
	GlobalSection(ProjectConfigurationPlatforms) = postSolution
		{6C879C59-02EF-43AC-9596-C10FFD5DCDA5}.Debug|Any CPU.ActiveCfg = Debug|Any CPU
		{6C879C59-02EF-43AC-9596-C10FFD5DCDA5}.Debug|Any CPU.Build.0 = Debug|Any CPU
		{6C879C59-02EF-43AC-9596-C10FFD5DCDA5}.Release|Any CPU.ActiveCfg = Release|Any CPU
		{6C879C59-02EF-43AC-9596-C10FFD5DCDA5}.Release|Any CPU.Build.0 = Release|Any CPU
		{E93C3700-656E-4FD3-ACA3-7899166709D2}.Debug|Any CPU.ActiveCfg = Debug|Any CPU
		{E93C3700-656E-4FD3-ACA3-7899166709D2}.Debug|Any CPU.Build.0 = Debug|Any CPU
		{E93C3700-656E-4FD3-ACA3-7899166709D2}.Release|Any CPU.ActiveCfg = Release|Any CPU
		{E93C3700-656E-4FD3-ACA3-7899166709D2}.Release|Any CPU.Build.0 = Release|Any CPU
		{717222A9-046A-4465-A4AE-4002EF242855}.Debug|Any CPU.ActiveCfg = Debug|Any CPU
		{717222A9-046A-4465-A4AE-4002EF242855}.Debug|Any CPU.Build.0 = Debug|Any CPU
		{717222A9-046A-4465-A4AE-4002EF242855}.Release|Any CPU.ActiveCfg = Release|Any CPU
		{717222A9-046A-4465-A4AE-4002EF242855}.Release|Any CPU.Build.0 = Release|Any CPU
	EndGlobalSection
	GlobalSection(SolutionProperties) = preSolution
		HideSolutionNode = FALSE
	EndGlobalSection
	GlobalSection(ExtensibilityGlobals) = postSolution
		SolutionGuid = {F169D44B-EC42-48C8-83BC-DBF48917CF44}
	EndGlobalSection
EndGlobal
